
Microsoft Visual Studio Solution File, Format Version 12.00
# Visual Studio Version 17
VisualStudioVersion = 17.10.35027.167
MinimumVisualStudioVersion = 10.0.40219.1
Project("{9A19103F-16F7-4668-BE54-9A1E7A4F7556}") = "Talabat.APIs", "Talabat.APIs\Talabat.APIs.csproj", "{409854C4-A586-40E7-9E5A-C0BC89E3804F}"
EndProject
Project("{FAE04EC0-301F-11D3-BF4B-00C04F79EFBC}") = "Talabat.Core", "Talabat.Core\Talabat.Core.csproj", "{57608D35-18EB-4AA4-8478-2ACD43CCD5B2}"
EndProject
Project("{FAE04EC0-301F-11D3-BF4B-00C04F79EFBC}") = "Talabat.Repository", "Talabat.Repository\Talabat.Repository.csproj", "{A4958DDD-F194-43D9-8D6F-C065DB22EDE4}"
EndProject
Project("{FAE04EC0-301F-11D3-BF4B-00C04F79EFBC}") = "Talabat.Service", "Talabat.Service\Talabat.Service.csproj", "{153018CA-AF20-410A-9D66-6792B2731B2F}"
EndProject
Global
	GlobalSection(SolutionConfigurationPlatforms) = preSolution
		Debug|Any CPU = Debug|Any CPU
		Release|Any CPU = Release|Any CPU
	EndGlobalSection
	GlobalSection(ProjectConfigurationPlatforms) = postSolution
		{409854C4-A586-40E7-9E5A-C0BC89E3804F}.Debug|Any CPU.ActiveCfg = Debug|Any CPU
		{409854C4-A586-40E7-9E5A-C0BC89E3804F}.Debug|Any CPU.Build.0 = Debug|Any CPU
		{409854C4-A586-40E7-9E5A-C0BC89E3804F}.Release|Any CPU.ActiveCfg = Release|Any CPU
		{409854C4-A586-40E7-9E5A-C0BC89E3804F}.Release|Any CPU.Build.0 = Release|Any CPU
		{57608D35-18EB-4AA4-8478-2ACD43CCD5B2}.Debug|Any CPU.ActiveCfg = Debug|Any CPU
		{57608D35-18EB-4AA4-8478-2ACD43CCD5B2}.Debug|Any CPU.Build.0 = Debug|Any CPU
		{57608D35-18EB-4AA4-8478-2ACD43CCD5B2}.Release|Any CPU.ActiveCfg = Release|Any CPU
		{57608D35-18EB-4AA4-8478-2ACD43CCD5B2}.Release|Any CPU.Build.0 = Release|Any CPU
		{A4958DDD-F194-43D9-8D6F-C065DB22EDE4}.Debug|Any CPU.ActiveCfg = Debug|Any CPU
		{A4958DDD-F194-43D9-8D6F-C065DB22EDE4}.Debug|Any CPU.Build.0 = Debug|Any CPU
		{A4958DDD-F194-43D9-8D6F-C065DB22EDE4}.Release|Any CPU.ActiveCfg = Release|Any CPU
		{A4958DDD-F194-43D9-8D6F-C065DB22EDE4}.Release|Any CPU.Build.0 = Release|Any CPU
		{153018CA-AF20-410A-9D66-6792B2731B2F}.Debug|Any CPU.ActiveCfg = Debug|Any CPU
		{153018CA-AF20-410A-9D66-6792B2731B2F}.Debug|Any CPU.Build.0 = Debug|Any CPU
		{153018CA-AF20-410A-9D66-6792B2731B2F}.Release|Any CPU.ActiveCfg = Release|Any CPU
		{153018CA-AF20-410A-9D66-6792B2731B2F}.Release|Any CPU.Build.0 = Release|Any CPU
	EndGlobalSection
	GlobalSection(SolutionProperties) = preSolution
		HideSolutionNode = FALSE
	EndGlobalSection
	GlobalSection(ExtensibilityGlobals) = postSolution
		SolutionGuid = {4D8C3BA8-273A-4D72-B41F-9262F9CDA764}
	EndGlobalSection
EndGlobal
